
Microsoft Visual Studio Solution File, Format Version 12.00
# Visual Studio Version 16
VisualStudioVersion = 16.0.31105.61
MinimumVisualStudioVersion = 10.0.40219.1
Project("{FAE04EC0-301F-11D3-BF4B-00C04F79EFBC}") = "sTridic", "sTridic\sTridic.csproj", "{344BD719-89D9-4A5B-9DA9-ABA1CB2C0628}"
EndProject
Global
	GlobalSection(SolutionConfigurationPlatforms) = preSolution
		Debug|Any CPU = Debug|Any CPU
		Release|Any CPU = Release|Any CPU
	EndGlobalSection
	GlobalSection(ProjectConfigurationPlatforms) = postSolution
		{344BD719-89D9-4A5B-9DA9-ABA1CB2C0628}.Debug|Any CPU.ActiveCfg = Debug|Any CPU
		{344BD719-89D9-4A5B-9DA9-ABA1CB2C0628}.Debug|Any CPU.Build.0 = Debug|Any CPU
		{344BD719-89D9-4A5B-9DA9-ABA1CB2C0628}.Release|Any CPU.ActiveCfg = Release|Any CPU
		{344BD719-89D9-4A5B-9DA9-ABA1CB2C0628}.Release|Any CPU.Build.0 = Release|Any CPU
	EndGlobalSection
	GlobalSection(SolutionProperties) = preSolution
		HideSolutionNode = FALSE
	EndGlobalSection
	GlobalSection(ExtensibilityGlobals) = postSolution
		SolutionGuid = {4710DD73-F7C8-45C7-8D25-0A1E47CB89F7}
	EndGlobalSection
EndGlobal
